<?xml version="1.0" encoding="utf-8"?>
<Project ToolsVersion="4.0" xmlns="http://schemas.microsoft.com/developer/msbuild/2003">
  <ItemGroup>
    <Filter Include="Archivos de origen">
      <UniqueIdentifier>{4FC737F1-C7A5-4376-A066-2A32D752A2FF}</UniqueIdentifier>
      <Extensions>cpp;c;cc;cxx;c++;cppm;ixx;def;odl;idl;hpj;bat;asm;asmx</Extensions>
    </Filter>
    <Filter Include="Archivos de encabezado">
      <UniqueIdentifier>{93995380-89BD-4b04-88EB-625FBE52EBFB}</UniqueIdentifier>
      <Extensions>h;hh;hpp;hxx;h++;hm;inl;inc;ipp;xsd</Extensions>
    </Filter>
    <Filter Include="Archivos de recursos">
      <UniqueIdentifier>{67DA6AB6-F800-4c08-8B7A-83BB121AAD01}</UniqueIdentifier>
      <Extensions>rc;ico;cur;bmp;dlg;rc2;rct;bin;rgs;gif;jpg;jpeg;jpe;resx;tiff;tif;png;wav;mfcribbon-ms</Extensions>
    </Filter>
  </ItemGroup>
  <ItemGroup>
    <ClCompile Include="main.cpp">
      <Filter>Archivos de origen</Filter>
    </ClCompile>
    <ClCompile Include="globales.cpp">
      <Filter>Archivos de origen</Filter>
    </ClCompile>
    <ClCompile Include="consola.cpp">
      <Filter>Archivos de origen</Filter>
    </ClCompile>
    <ClCompile Include="login.cpp">
      <Filter>Archivos de origen</Filter>
    </ClCompile>
    <ClCompile Include="menu.cpp">
      <Filter>Archivos de origen</Filter>
    </ClCompile>
    <ClCompile Include="pila_plantas.cpp">
      <Filter>Archivos de origen</Filter>
    </ClCompile>
    <ClCompile Include="cola_clientes.cpp">
      <Filter>Archivos de origen</Filter>
    </ClCompile>
    <ClCompile Include="proveedores_locales.cpp">
      <Filter>Archivos de origen</Filter>
    </ClCompile>
    <ClCompile Include="proveedores_internacionales.cpp">
      <Filter>Archivos de origen</Filter>
    </ClCompile>
    <ClCompile Include="proveedores_circular.cpp">
      <Filter>Archivos de origen</Filter>
    </ClCompile>
    <ClCompile Include="arbol_abb.cpp">
      <Filter>Archivos de origen</Filter>
    </ClCompile>
    <ClCompile Include="menu_ftxui.cpp">
      <Filter>Archivos de origen</Filter>
    </ClCompile>
  </ItemGroup>
  <ItemGroup>
    <ClInclude Include="modelos.h">
      <Filter>Archivos de encabezado</Filter>
    </ClInclude>
    <ClInclude Include="globales.h">
      <Filter>Archivos de encabezado</Filter>
    </ClInclude>
    <ClInclude Include="consola.h">
      <Filter>Archivos de encabezado</Filter>
    </ClInclude>
    <ClInclude Include="login.h">
      <Filter>Archivos de encabezado</Filter>
    </ClInclude>
    <ClInclude Include="menu.h">
      <Filter>Archivos de encabezado</Filter>
    </ClInclude>
    <ClInclude Include="pila_plantas.h">
      <Filter>Archivos de encabezado</Filter>
    </ClInclude>
    <ClInclude Include="cola_clientes.h">
      <Filter>Archivos de encabezado</Filter>
    </ClInclude>
    <ClInclude Include="proveedores_locales.h">
      <Filter>Archivos de encabezado</Filter>
    </ClInclude>
    <ClInclude Include="proveedores_internacionales.h">
      <Filter>Archivos de encabezado</Filter>
    </ClInclude>
    <ClInclude Include="proveedores_circular.h">
      <Filter>Archivos de encabezado</Filter>
    </ClInclude>
    <ClInclude Include="arbol_abb.h">
      <Filter>Archivos de encabezado</Filter>
    </ClInclude>
    <ClInclude Include="menu_ftxui.h">
      <Filter>Archivos de encabezado</Filter>
    </ClInclude>
  </ItemGroup>
</Project>